PODS:
  - BEMCheckBox (1.4.1)
  - boost (1.83.0)
  - DoubleConversion (1.1.6)
  - FBLazyVector (0.73.11)
  - FBReactNativeSpec (0.73.11):
    - RCT-Folly (= 2022.05.16.00)
    - RCTRequired (= 0.73.11)
    - RCTTypeSafety (= 0.73.11)
    - React-Core (= 0.73.11)
    - React-jsi (= 0.73.11)
    - ReactCommon/turbomodule/core (= 0.73.11)
  - fmt (6.2.1)
  - glog (0.3.5)
  - lottie-ios (3.4.4)
  - lottie-react-native (5.1.6):
    - lottie-ios (~> 3.4.0)
    - React-Core
  - Permission-Camera (3.10.1):
    - RNPermissions
  - Permission-LocationAccuracy (3.10.1):
    - RNPermissions
  - Permission-LocationAlways (3.10.1):
    - RNPermissions
  - Permission-LocationWhenInUse (3.10.1):
    - RNPermissions
  - Permission-PhotoLibrary (3.10.1):
    - RNPermissions
  - RCT-Folly (2022.05.16.00):
    - boost
    - DoubleConversion
    - fmt (~> 6.2.1)
    - glog
    - RCT-Folly/Default (= 2022.05.16.00)
  - RCT-Folly/Default (2022.05.16.00):
    - boost
    - DoubleConversion
    - fmt (~> 6.2.1)
    - glog
  - RCT-Folly/Fabric (2022.05.16.00):
    - boost
    - DoubleConversion
    - fmt (~> 6.2.1)
    - glog
  - RCTRequired (0.73.11)
  - RCTTypeSafety (0.73.11):
    - FBLazyVector (= 0.73.11)
    - RCTRequired (= 0.73.11)
    - React-Core (= 0.73.11)
  - React (0.73.11):
    - React-Core (= 0.73.11)
    - React-Core/DevSupport (= 0.73.11)
    - React-Core/RCTWebSocket (= 0.73.11)
    - React-RCTActionSheet (= 0.73.11)
    - React-RCTAnimation (= 0.73.11)
    - React-RCTBlob (= 0.73.11)
    - React-RCTImage (= 0.73.11)
    - React-RCTLinking (= 0.73.11)
    - React-RCTNetwork (= 0.73.11)
    - React-RCTSettings (= 0.73.11)
    - React-RCTText (= 0.73.11)
    - React-RCTVibration (= 0.73.11)
  - React-callinvoker (0.73.11)
  - React-Codegen (0.73.11):
    - DoubleConversion
    - FBReactNativeSpec
    - glog
    - RCT-Folly
    - RCTRequired
    - RCTTypeSafety
    - React-Core
    - React-jsc
    - React-jsi
    - React-jsiexecutor
    - React-NativeModulesApple
    - React-rncore
    - ReactCommon/turbomodule/bridging
    - ReactCommon/turbomodule/core
  - React-Core (0.73.11):
    - glog
    - RCT-Folly (= 2022.05.16.00)
    - React-Core/Default (= 0.73.11)
    - React-cxxreact
    - React-jsc
    - React-jsi
    - React-jsiexecutor
    - React-perflogger
    - React-runtimescheduler
    - React-utils
    - SocketRocket (= 0.6.1)
    - Yoga
  - React-Core/CoreModulesHeaders (0.73.11):
    - glog
    - RCT-Folly (= 2022.05.16.00)
    - React-Core/Default
    - React-cxxreact
    - React-jsc
    - React-jsi
    - React-jsiexecutor
    - React-perflogger
    - React-runtimescheduler
    - React-utils
    - SocketRocket (= 0.6.1)
    - Yoga
  - React-Core/Default (0.73.11):
    - glog
    - RCT-Folly (= 2022.05.16.00)
    - React-cxxreact
    - React-jsc
    - React-jsi
    - React-jsiexecutor
    - React-perflogger
    - React-runtimescheduler
    - React-utils
    - SocketRocket (= 0.6.1)
    - Yoga
  - React-Core/DevSupport (0.73.11):
    - glog
    - RCT-Folly (= 2022.05.16.00)
    - React-Core/Default (= 0.73.11)
    - React-Core/RCTWebSocket (= 0.73.11)
    - React-cxxreact
    - React-jsc
    - React-jsi
    - React-jsiexecutor
    - React-jsinspector (= 0.73.11)
    - React-perflogger
    - React-runtimescheduler
    - React-utils
    - SocketRocket (= 0.6.1)
    - Yoga
  - React-Core/RCTActionSheetHeaders (0.73.11):
    - glog
    - RCT-Folly (= 2022.05.16.00)
    - React-Core/Default
    - React-cxxreact
    - React-jsc
    - React-jsi
    - React-jsiexecutor
    - React-perflogger
    - React-runtimescheduler
    - React-utils
    - SocketRocket (= 0.6.1)
    - Yoga
  - React-Core/RCTAnimationHeaders (0.73.11):
    - glog
    - RCT-Folly (= 2022.05.16.00)
    - React-Core/Default
    - React-cxxreact
    - React-jsc
    - React-jsi
    - React-jsiexecutor
    - React-perflogger
    - React-runtimescheduler
    - React-utils
    - SocketRocket (= 0.6.1)
    - Yoga
  - React-Core/RCTBlobHeaders (0.73.11):
    - glog
    - RCT-Folly (= 2022.05.16.00)
    - React-Core/Default
    - React-cxxreact
    - React-jsc
    - React-jsi
    - React-jsiexecutor
    - React-perflogger
    - React-runtimescheduler
    - React-utils
    - SocketRocket (= 0.6.1)
    - Yoga
  - React-Core/RCTImageHeaders (0.73.11):
    - glog
    - RCT-Folly (= 2022.05.16.00)
    - React-Core/Default
    - React-cxxreact
    - React-jsc
    - React-jsi
    - React-jsiexecutor
    - React-perflogger
    - React-runtimescheduler
    - React-utils
    - SocketRocket (= 0.6.1)
    - Yoga
  - React-Core/RCTLinkingHeaders (0.73.11):
    - glog
    - RCT-Folly (= 2022.05.16.00)
    - React-Core/Default
    - React-cxxreact
    - React-jsc
    - React-jsi
    - React-jsiexecutor
    - React-perflogger
    - React-runtimescheduler
    - React-utils
    - SocketRocket (= 0.6.1)
    - Yoga
  - React-Core/RCTNetworkHeaders (0.73.11):
    - glog
    - RCT-Folly (= 2022.05.16.00)
    - React-Core/Default
    - React-cxxreact
    - React-jsc
    - React-jsi
    - React-jsiexecutor
    - React-perflogger
    - React-runtimescheduler
    - React-utils
    - SocketRocket (= 0.6.1)
    - Yoga
  - React-Core/RCTSettingsHeaders (0.73.11):
    - glog
    - RCT-Folly (= 2022.05.16.00)
    - React-Core/Default
    - React-cxxreact
    - React-jsc
    - React-jsi
    - React-jsiexecutor
    - React-perflogger
    - React-runtimescheduler
    - React-utils
    - SocketRocket (= 0.6.1)
    - Yoga
  - React-Core/RCTTextHeaders (0.73.11):
    - glog
    - RCT-Folly (= 2022.05.16.00)
    - React-Core/Default
    - React-cxxreact
    - React-jsc
    - React-jsi
    - React-jsiexecutor
    - React-perflogger
    - React-runtimescheduler
    - React-utils
    - SocketRocket (= 0.6.1)
    - Yoga
  - React-Core/RCTVibrationHeaders (0.73.11):
    - glog
    - RCT-Folly (= 2022.05.16.00)
    - React-Core/Default
    - React-cxxreact
    - React-jsc
    - React-jsi
    - React-jsiexecutor
    - React-perflogger
    - React-runtimescheduler
    - React-utils
    - SocketRocket (= 0.6.1)
    - Yoga
  - React-Core/RCTWebSocket (0.73.11):
    - glog
    - RCT-Folly (= 2022.05.16.00)
    - React-Core/Default (= 0.73.11)
    - React-cxxreact
    - React-jsc
    - React-jsi
    - React-jsiexecutor
    - React-perflogger
    - React-runtimescheduler
    - React-utils
    - SocketRocket (= 0.6.1)
    - Yoga
  - React-CoreModules (0.73.11):
    - RCT-Folly (= 2022.05.16.00)
    - RCTTypeSafety (= 0.73.11)
    - React-Codegen
    - React-Core/CoreModulesHeaders (= 0.73.11)
    - React-jsi (= 0.73.11)
    - React-NativeModulesApple
    - React-RCTBlob
    - React-RCTImage (= 0.73.11)
    - ReactCommon
    - SocketRocket (= 0.6.1)
  - React-cxxreact (0.73.11):
    - boost (= 1.83.0)
    - DoubleConversion
    - fmt (~> 6.2.1)
    - glog
    - RCT-Folly (= 2022.05.16.00)
    - React-callinvoker (= 0.73.11)
    - React-debug (= 0.73.11)
    - React-jsi (= 0.73.11)
    - React-jsinspector (= 0.73.11)
    - React-logger (= 0.73.11)
    - React-perflogger (= 0.73.11)
    - React-runtimeexecutor (= 0.73.11)
  - React-debug (0.73.11)
  - React-Fabric (0.73.11):
    - DoubleConversion
    - fmt (~> 6.2.1)
    - glog
    - RCT-Folly/Fabric (= 2022.05.16.00)
    - RCTRequired
    - RCTTypeSafety
    - React-Core
    - React-cxxreact
    - React-debug
    - React-Fabric/animations (= 0.73.11)
    - React-Fabric/attributedstring (= 0.73.11)
    - React-Fabric/componentregistry (= 0.73.11)
    - React-Fabric/componentregistrynative (= 0.73.11)
    - React-Fabric/components (= 0.73.11)
    - React-Fabric/core (= 0.73.11)
    - React-Fabric/imagemanager (= 0.73.11)
    - React-Fabric/leakchecker (= 0.73.11)
    - React-Fabric/mounting (= 0.73.11)
    - React-Fabric/scheduler (= 0.73.11)
    - React-Fabric/telemetry (= 0.73.11)
    - React-Fabric/templateprocessor (= 0.73.11)
    - React-Fabric/textlayoutmanager (= 0.73.11)
    - React-Fabric/uimanager (= 0.73.11)
    - React-graphics
    - React-jsc
    - React-jsi
    - React-jsiexecutor
    - React-logger
    - React-rendererdebug
    - React-runtimescheduler
    - React-utils
    - ReactCommon/turbomodule/core
  - React-Fabric/animations (0.73.11):
    - DoubleConversion
    - fmt (~> 6.2.1)
    - glog
    - RCT-Folly/Fabric (= 2022.05.16.00)
    - RCTRequired
    - RCTTypeSafety
    - React-Core
    - React-cxxreact
    - React-debug
    - React-graphics
    - React-jsc
    - React-jsi
    - React-jsiexecutor
    - React-logger
    - React-rendererdebug
    - React-runtimescheduler
    - React-utils
    - ReactCommon/turbomodule/core
  - React-Fabric/attributedstring (0.73.11):
    - DoubleConversion
    - fmt (~> 6.2.1)
    - glog
    - RCT-Folly/Fabric (= 2022.05.16.00)
    - RCTRequired
    - RCTTypeSafety
    - React-Core
    - React-cxxreact
    - React-debug
    - React-graphics
    - React-jsc
    - React-jsi
    - React-jsiexecutor
    - React-logger
    - React-rendererdebug
    - React-runtimescheduler
    - React-utils
    - ReactCommon/turbomodule/core
  - React-Fabric/componentregistry (0.73.11):
    - DoubleConversion
    - fmt (~> 6.2.1)
    - glog
    - RCT-Folly/Fabric (= 2022.05.16.00)
    - RCTRequired
    - RCTTypeSafety
    - React-Core
    - React-cxxreact
    - React-debug
    - React-graphics
    - React-jsc
    - React-jsi
    - React-jsiexecutor
    - React-logger
    - React-rendererdebug
    - React-runtimescheduler
    - React-utils
    - ReactCommon/turbomodule/core
  - React-Fabric/componentregistrynative (0.73.11):
    - DoubleConversion
    - fmt (~> 6.2.1)
    - glog
    - RCT-Folly/Fabric (= 2022.05.16.00)
    - RCTRequired
    - RCTTypeSafety
    - React-Core
    - React-cxxreact
    - React-debug
    - React-graphics
    - React-jsc
    - React-jsi
    - React-jsiexecutor
    - React-logger
    - React-rendererdebug
    - React-runtimescheduler
    - React-utils
    - ReactCommon/turbomodule/core
  - React-Fabric/components (0.73.11):
    - DoubleConversion
    - fmt (~> 6.2.1)
    - glog
    - RCT-Folly/Fabric (= 2022.05.16.00)
    - RCTRequired
    - RCTTypeSafety
    - React-Core
    - React-cxxreact
    - React-debug
    - React-Fabric/components/inputaccessory (= 0.73.11)
    - React-Fabric/components/legacyviewmanagerinterop (= 0.73.11)
    - React-Fabric/components/modal (= 0.73.11)
    - React-Fabric/components/rncore (= 0.73.11)
    - React-Fabric/components/root (= 0.73.11)
    - React-Fabric/components/safeareaview (= 0.73.11)
    - React-Fabric/components/scrollview (= 0.73.11)
    - React-Fabric/components/text (= 0.73.11)
    - React-Fabric/components/textinput (= 0.73.11)
    - React-Fabric/components/unimplementedview (= 0.73.11)
    - React-Fabric/components/view (= 0.73.11)
    - React-graphics
    - React-jsc
    - React-jsi
    - React-jsiexecutor
    - React-logger
    - React-rendererdebug
    - React-runtimescheduler
    - React-utils
    - ReactCommon/turbomodule/core
  - React-Fabric/components/inputaccessory (0.73.11):
    - DoubleConversion
    - fmt (~> 6.2.1)
    - glog
    - RCT-Folly/Fabric (= 2022.05.16.00)
    - RCTRequired
    - RCTTypeSafety
    - React-Core
    - React-cxxreact
    - React-debug
    - React-graphics
    - React-jsc
    - React-jsi
    - React-jsiexecutor
    - React-logger
    - React-rendererdebug
    - React-runtimescheduler
    - React-utils
    - ReactCommon/turbomodule/core
  - React-Fabric/components/legacyviewmanagerinterop (0.73.11):
    - DoubleConversion
    - fmt (~> 6.2.1)
    - glog
    - RCT-Folly/Fabric (= 2022.05.16.00)
    - RCTRequired
    - RCTTypeSafety
    - React-Core
    - React-cxxreact
    - React-debug
    - React-graphics
    - React-jsc
    - React-jsi
    - React-jsiexecutor
    - React-logger
    - React-rendererdebug
    - React-runtimescheduler
    - React-utils
    - ReactCommon/turbomodule/core
  - React-Fabric/components/modal (0.73.11):
    - DoubleConversion
    - fmt (~> 6.2.1)
    - glog
    - RCT-Folly/Fabric (= 2022.05.16.00)
    - RCTRequired
    - RCTTypeSafety
    - React-Core
    - React-cxxreact
    - React-debug
    - React-graphics
    - React-jsc
    - React-jsi
    - React-jsiexecutor
    - React-logger
    - React-rendererdebug
    - React-runtimescheduler
    - React-utils
    - ReactCommon/turbomodule/core
  - React-Fabric/components/rncore (0.73.11):
    - DoubleConversion
    - fmt (~> 6.2.1)
    - glog
    - RCT-Folly/Fabric (= 2022.05.16.00)
    - RCTRequired
    - RCTTypeSafety
    - React-Core
    - React-cxxreact
    - React-debug
    - React-graphics
    - React-jsc
    - React-jsi
    - React-jsiexecutor
    - React-logger
    - React-rendererdebug
    - React-runtimescheduler
    - React-utils
    - ReactCommon/turbomodule/core
  - React-Fabric/components/root (0.73.11):
    - DoubleConversion
    - fmt (~> 6.2.1)
    - glog
    - RCT-Folly/Fabric (= 2022.05.16.00)
    - RCTRequired
    - RCTTypeSafety
    - React-Core
    - React-cxxreact
    - React-debug
    - React-graphics
    - React-jsc
    - React-jsi
    - React-jsiexecutor
    - React-logger
    - React-rendererdebug
    - React-runtimescheduler
    - React-utils
    - ReactCommon/turbomodule/core
  - React-Fabric/components/safeareaview (0.73.11):
    - DoubleConversion
    - fmt (~> 6.2.1)
    - glog
    - RCT-Folly/Fabric (= 2022.05.16.00)
    - RCTRequired
    - RCTTypeSafety
    - React-Core
    - React-cxxreact
    - React-debug
    - React-graphics
    - React-jsc
    - React-jsi
    - React-jsiexecutor
    - React-logger
    - React-rendererdebug
    - React-runtimescheduler
    - React-utils
    - ReactCommon/turbomodule/core
  - React-Fabric/components/scrollview (0.73.11):
    - DoubleConversion
    - fmt (~> 6.2.1)
    - glog
    - RCT-Folly/Fabric (= 2022.05.16.00)
    - RCTRequired
    - RCTTypeSafety
    - React-Core
    - React-cxxreact
    - React-debug
    - React-graphics
    - React-jsc
    - React-jsi
    - React-jsiexecutor
    - React-logger
    - React-rendererdebug
    - React-runtimescheduler
    - React-utils
    - ReactCommon/turbomodule/core
  - React-Fabric/components/text (0.73.11):
    - DoubleConversion
    - fmt (~> 6.2.1)
    - glog
    - RCT-Folly/Fabric (= 2022.05.16.00)
    - RCTRequired
    - RCTTypeSafety
    - React-Core
    - React-cxxreact
    - React-debug
    - React-graphics
    - React-jsc
    - React-jsi
    - React-jsiexecutor
    - React-logger
    - React-rendererdebug
    - React-runtimescheduler
    - React-utils
    - ReactCommon/turbomodule/core
  - React-Fabric/components/textinput (0.73.11):
    - DoubleConversion
    - fmt (~> 6.2.1)
    - glog
    - RCT-Folly/Fabric (= 2022.05.16.00)
    - RCTRequired
    - RCTTypeSafety
    - React-Core
    - React-cxxreact
    - React-debug
    - React-graphics
    - React-jsc
    - React-jsi
    - React-jsiexecutor
    - React-logger
    - React-rendererdebug
    - React-runtimescheduler
    - React-utils
    - ReactCommon/turbomodule/core
  - React-Fabric/components/unimplementedview (0.73.11):
    - DoubleConversion
    - fmt (~> 6.2.1)
    - glog
    - RCT-Folly/Fabric (= 2022.05.16.00)
    - RCTRequired
    - RCTTypeSafety
    - React-Core
    - React-cxxreact
    - React-debug
    - React-graphics
    - React-jsc
    - React-jsi
    - React-jsiexecutor
    - React-logger
    - React-rendererdebug
    - React-runtimescheduler
    - React-utils
    - ReactCommon/turbomodule/core
  - React-Fabric/components/view (0.73.11):
    - DoubleConversion
    - fmt (~> 6.2.1)
    - glog
    - RCT-Folly/Fabric (= 2022.05.16.00)
    - RCTRequired
    - RCTTypeSafety
    - React-Core
    - React-cxxreact
    - React-debug
    - React-graphics
    - React-jsc
    - React-jsi
    - React-jsiexecutor
    - React-logger
    - React-rendererdebug
    - React-runtimescheduler
    - React-utils
    - ReactCommon/turbomodule/core
    - Yoga
  - React-Fabric/core (0.73.11):
    - DoubleConversion
    - fmt (~> 6.2.1)
    - glog
    - RCT-Folly/Fabric (= 2022.05.16.00)
    - RCTRequired
    - RCTTypeSafety
    - React-Core
    - React-cxxreact
    - React-debug
    - React-graphics
    - React-jsc
    - React-jsi
    - React-jsiexecutor
    - React-logger
    - React-rendererdebug
    - React-runtimescheduler
    - React-utils
    - ReactCommon/turbomodule/core
  - React-Fabric/imagemanager (0.73.11):
    - DoubleConversion
    - fmt (~> 6.2.1)
    - glog
    - RCT-Folly/Fabric (= 2022.05.16.00)
    - RCTRequired
    - RCTTypeSafety
    - React-Core
    - React-cxxreact
    - React-debug
    - React-graphics
    - React-jsc
    - React-jsi
    - React-jsiexecutor
    - React-logger
    - React-rendererdebug
    - React-runtimescheduler
    - React-utils
    - ReactCommon/turbomodule/core
  - React-Fabric/leakchecker (0.73.11):
    - DoubleConversion
    - fmt (~> 6.2.1)
    - glog
    - RCT-Folly/Fabric (= 2022.05.16.00)
    - RCTRequired
    - RCTTypeSafety
    - React-Core
    - React-cxxreact
    - React-debug
    - React-graphics
    - React-jsc
    - React-jsi
    - React-jsiexecutor
    - React-logger
    - React-rendererdebug
    - React-runtimescheduler
    - React-utils
    - ReactCommon/turbomodule/core
  - React-Fabric/mounting (0.73.11):
    - DoubleConversion
    - fmt (~> 6.2.1)
    - glog
    - RCT-Folly/Fabric (= 2022.05.16.00)
    - RCTRequired
    - RCTTypeSafety
    - React-Core
    - React-cxxreact
    - React-debug
    - React-graphics
    - React-jsc
    - React-jsi
    - React-jsiexecutor
    - React-logger
    - React-rendererdebug
    - React-runtimescheduler
    - React-utils
    - ReactCommon/turbomodule/core
  - React-Fabric/scheduler (0.73.11):
    - DoubleConversion
    - fmt (~> 6.2.1)
    - glog
    - RCT-Folly/Fabric (= 2022.05.16.00)
    - RCTRequired
    - RCTTypeSafety
    - React-Core
    - React-cxxreact
    - React-debug
    - React-graphics
    - React-jsc
    - React-jsi
    - React-jsiexecutor
    - React-logger
    - React-rendererdebug
    - React-runtimescheduler
    - React-utils
    - ReactCommon/turbomodule/core
  - React-Fabric/telemetry (0.73.11):
    - DoubleConversion
    - fmt (~> 6.2.1)
    - glog
    - RCT-Folly/Fabric (= 2022.05.16.00)
    - RCTRequired
    - RCTTypeSafety
    - React-Core
    - React-cxxreact
    - React-debug
    - React-graphics
    - React-jsc
    - React-jsi
    - React-jsiexecutor
    - React-logger
    - React-rendererdebug
    - React-runtimescheduler
    - React-utils
    - ReactCommon/turbomodule/core
  - React-Fabric/templateprocessor (0.73.11):
    - DoubleConversion
    - fmt (~> 6.2.1)
    - glog
    - RCT-Folly/Fabric (= 2022.05.16.00)
    - RCTRequired
    - RCTTypeSafety
    - React-Core
    - React-cxxreact
    - React-debug
    - React-graphics
    - React-jsc
    - React-jsi
    - React-jsiexecutor
    - React-logger
    - React-rendererdebug
    - React-runtimescheduler
    - React-utils
    - ReactCommon/turbomodule/core
  - React-Fabric/textlayoutmanager (0.73.11):
    - DoubleConversion
    - fmt (~> 6.2.1)
    - glog
    - RCT-Folly/Fabric (= 2022.05.16.00)
    - RCTRequired
    - RCTTypeSafety
    - React-Core
    - React-cxxreact
    - React-debug
    - React-Fabric/uimanager
    - React-graphics
    - React-jsc
    - React-jsi
    - React-jsiexecutor
    - React-logger
    - React-rendererdebug
    - React-runtimescheduler
    - React-utils
    - ReactCommon/turbomodule/core
  - React-Fabric/uimanager (0.73.11):
    - DoubleConversion
    - fmt (~> 6.2.1)
    - glog
    - RCT-Folly/Fabric (= 2022.05.16.00)
    - RCTRequired
    - RCTTypeSafety
    - React-Core
    - React-cxxreact
    - React-debug
    - React-graphics
    - React-jsc
    - React-jsi
    - React-jsiexecutor
    - React-logger
    - React-rendererdebug
    - React-runtimescheduler
    - React-utils
    - ReactCommon/turbomodule/core
  - React-FabricImage (0.73.11):
    - DoubleConversion
    - fmt (~> 6.2.1)
    - glog
    - RCT-Folly/Fabric (= 2022.05.16.00)
    - RCTRequired (= 0.73.11)
    - RCTTypeSafety (= 0.73.11)
    - React-Fabric
    - React-graphics
    - React-ImageManager
    - React-jsc
    - React-jsi
    - React-jsiexecutor (= 0.73.11)
    - React-logger
    - React-rendererdebug
    - React-utils
    - ReactCommon
    - Yoga
  - React-graphics (0.73.11):
    - glog
    - RCT-Folly/Fabric (= 2022.05.16.00)
    - React-Core/Default (= 0.73.11)
    - React-utils
  - React-ImageManager (0.73.11):
    - glog
    - RCT-Folly/Fabric
    - React-Core/Default
    - React-debug
    - React-Fabric
    - React-graphics
    - React-rendererdebug
    - React-utils
  - React-jsc (0.73.11):
    - React-jsc/Fabric (= 0.73.11)
    - React-jsi (= 0.73.11)
  - React-jsc/Fabric (0.73.11):
    - React-jsi (= 0.73.11)
  - React-jserrorhandler (0.73.11):
    - RCT-Folly/Fabric (= 2022.05.16.00)
    - React-debug
    - React-jsi
    - React-Mapbuffer
  - React-jsi (0.73.11):
    - boost (= 1.83.0)
    - DoubleConversion
    - fmt (~> 6.2.1)
    - glog
    - RCT-Folly (= 2022.05.16.00)
  - React-jsiexecutor (0.73.11):
    - DoubleConversion
    - fmt (~> 6.2.1)
    - glog
    - RCT-Folly (= 2022.05.16.00)
    - React-cxxreact (= 0.73.11)
    - React-jsi (= 0.73.11)
    - React-perflogger (= 0.73.11)
  - React-jsinspector (0.73.11)
  - React-logger (0.73.11):
    - glog
  - React-Mapbuffer (0.73.11):
    - glog
    - React-debug
  - react-native-background-timer (2.4.1):
    - React-Core
  - react-native-blob-util (0.19.11):
    - React-Core
  - react-native-document-picker (8.2.2):
    - React-Core
  - react-native-image-picker (5.7.0):
    - React-Core
  - react-native-image-resizer (1.4.5):
    - React-Core
  - react-native-netinfo (7.1.12):
    - React-Core
  - react-native-render-html (6.3.4):
    - React-Core
  - react-native-safe-area-context (3.4.1):
    - React-Core
  - react-native-splash-screen (3.3.0):
    - React-Core
  - react-native-tracking-transparency (0.1.2):
    - React
  - react-native-webview (13.15.0):
    - glog
    - RCT-Folly (= 2022.05.16.00)
    - React-Core
  - React-nativeconfig (0.73.11)
  - React-NativeModulesApple (0.73.11):
    - glog
    - React-callinvoker
    - React-Core
    - React-cxxreact
    - React-jsc
    - React-jsi
    - React-runtimeexecutor
    - ReactCommon/turbomodule/bridging
    - ReactCommon/turbomodule/core
  - React-perflogger (0.73.11)
  - React-RCTActionSheet (0.73.11):
    - React-Core/RCTActionSheetHeaders (= 0.73.11)
  - React-RCTAnimation (0.73.11):
    - RCT-Folly (= 2022.05.16.00)
    - RCTTypeSafety
    - React-Codegen
    - React-Core/RCTAnimationHeaders
    - React-jsi
    - React-NativeModulesApple
    - ReactCommon
  - React-RCTAppDelegate (0.73.11):
    - RCT-Folly
    - RCTRequired
    - RCTTypeSafety
    - React-Core
    - React-CoreModules
    - React-jsc
    - React-nativeconfig
    - React-NativeModulesApple
    - React-RCTFabric
    - React-RCTImage
    - React-RCTNetwork
    - React-runtimescheduler
    - ReactCommon
  - React-RCTBlob (0.73.11):
    - RCT-Folly (= 2022.05.16.00)
    - React-Codegen
    - React-Core/RCTBlobHeaders
    - React-Core/RCTWebSocket
    - React-jsi
    - React-NativeModulesApple
    - React-RCTNetwork
    - ReactCommon
  - React-RCTFabric (0.73.11):
    - glog
    - RCT-Folly/Fabric (= 2022.05.16.00)
    - React-Core
    - React-debug
    - React-Fabric
    - React-FabricImage
    - React-graphics
    - React-ImageManager
    - React-jsc
    - React-jsi
    - React-nativeconfig
    - React-RCTImage
    - React-RCTText
    - React-rendererdebug
    - React-runtimescheduler
    - React-utils
    - Yoga
  - React-RCTImage (0.73.11):
    - RCT-Folly (= 2022.05.16.00)
    - RCTTypeSafety
    - React-Codegen
    - React-Core/RCTImageHeaders
    - React-jsi
    - React-NativeModulesApple
    - React-RCTNetwork
    - ReactCommon
  - React-RCTLinking (0.73.11):
    - React-Codegen
    - React-Core/RCTLinkingHeaders (= 0.73.11)
    - React-jsi (= 0.73.11)
    - React-NativeModulesApple
    - ReactCommon
    - ReactCommon/turbomodule/core (= 0.73.11)
  - React-RCTNetwork (0.73.11):
    - RCT-Folly (= 2022.05.16.00)
    - RCTTypeSafety
    - React-Codegen
    - React-Core/RCTNetworkHeaders
    - React-jsi
    - React-NativeModulesApple
    - ReactCommon
  - React-RCTSettings (0.73.11):
    - RCT-Folly (= 2022.05.16.00)
    - RCTTypeSafety
    - React-Codegen
    - React-Core/RCTSettingsHeaders
    - React-jsi
    - React-NativeModulesApple
    - ReactCommon
  - React-RCTText (0.73.11):
    - React-Core/RCTTextHeaders (= 0.73.11)
    - Yoga
  - React-RCTVibration (0.73.11):
    - RCT-Folly (= 2022.05.16.00)
    - React-Codegen
    - React-Core/RCTVibrationHeaders
    - React-jsi
    - React-NativeModulesApple
    - ReactCommon
  - React-rendererdebug (0.73.11):
    - DoubleConversion
    - fmt (~> 6.2.1)
    - RCT-Folly (= 2022.05.16.00)
    - React-debug
  - React-rncore (0.73.11)
  - React-runtimeexecutor (0.73.11):
    - React-jsi (= 0.73.11)
  - React-runtimescheduler (0.73.11):
    - glog
    - RCT-Folly (= 2022.05.16.00)
    - React-callinvoker
    - React-cxxreact
    - React-debug
    - React-jsc
    - React-jsi
    - React-rendererdebug
    - React-runtimeexecutor
    - React-utils
  - React-utils (0.73.11):
    - glog
    - RCT-Folly (= 2022.05.16.00)
    - React-debug
  - ReactCommon (0.73.11):
    - React-logger (= 0.73.11)
    - ReactCommon/turbomodule (= 0.73.11)
  - ReactCommon/turbomodule (0.73.11):
    - DoubleConversion
    - fmt (~> 6.2.1)
    - glog
    - RCT-Folly (= 2022.05.16.00)
    - React-callinvoker (= 0.73.11)
    - React-cxxreact (= 0.73.11)
    - React-jsi (= 0.73.11)
    - React-logger (= 0.73.11)
    - React-perflogger (= 0.73.11)
    - ReactCommon/turbomodule/bridging (= 0.73.11)
    - ReactCommon/turbomodule/core (= 0.73.11)
  - ReactCommon/turbomodule/bridging (0.73.11):
    - DoubleConversion
    - fmt (~> 6.2.1)
    - glog
    - RCT-Folly (= 2022.05.16.00)
    - React-callinvoker (= 0.73.11)
    - React-cxxreact (= 0.73.11)
    - React-jsi (= 0.73.11)
    - React-logger (= 0.73.11)
    - React-perflogger (= 0.73.11)
  - ReactCommon/turbomodule/core (0.73.11):
    - DoubleConversion
    - fmt (~> 6.2.1)
    - glog
    - RCT-Folly (= 2022.05.16.00)
    - React-callinvoker (= 0.73.11)
    - React-cxxreact (= 0.73.11)
    - React-jsi (= 0.73.11)
    - React-logger (= 0.73.11)
    - React-perflogger (= 0.73.11)
  - ReactNativeGetLocation (2.2.1):
    - React-Core
  - RNCAsyncStorage (1.12.1):
    - React-Core
  - RNCCheckbox (0.5.20):
    - BEMCheckBox (~> 1.4)
    - React-Core
  - RNDeviceInfo (10.14.0):
    - React-Core
  - RNFS (2.20.0):
    - React-Core
  - RNGestureHandler (2.26.0):
    - glog
    - RCT-Folly (= 2022.05.16.00)
    - React-Core
  - RNImageMarker (0.6.3):
    - React
  - RNPermissions (3.10.1):
    - React-Core
  - RNScreens (3.37.0):
    - glog
    - RCT-Folly (= 2022.05.16.00)
    - React-Core
    - React-RCTImage
  - RNSensors (7.3.6):
    - React-Core
  - RNSentry (6.15.1):
    - glog
    - RCT-Folly (= 2022.05.16.00)
    - React-Core
    - Sentry/HybridSDK (= 8.52.1)
  - RNShare (8.2.2):
    - React-Core
  - RNSVG (12.5.1):
    - React-Core
  - RNVectorIcons (9.2.0):
    - React-Core
  - Sentry/HybridSDK (8.52.1)
  - SocketRocket (0.6.1)
  - VisionCamera (3.9.2):
    - React
    - React-callinvoker
    - React-Core
  - Yoga (1.14.0)

DEPENDENCIES:
  - boost (from `../node_modules/react-native/third-party-podspecs/boost.podspec`)
  - DoubleConversion (from `../node_modules/react-native/third-party-podspecs/DoubleConversion.podspec`)
  - FBLazyVector (from `../node_modules/react-native/Libraries/FBLazyVector`)
  - FBReactNativeSpec (from `../node_modules/react-native/React/FBReactNativeSpec`)
  - glog (from `../node_modules/react-native/third-party-podspecs/glog.podspec`)
  - lottie-react-native (from `../node_modules/lottie-react-native`)
  - Permission-Camera (from `../node_modules/react-native-permissions/ios/Camera`)
  - Permission-LocationAccuracy (from `../node_modules/react-native-permissions/ios/LocationAccuracy`)
  - Permission-LocationAlways (from `../node_modules/react-native-permissions/ios/LocationAlways`)
  - Permission-LocationWhenInUse (from `../node_modules/react-native-permissions/ios/LocationWhenInUse`)
  - Permission-PhotoLibrary (from `../node_modules/react-native-permissions/ios/PhotoLibrary`)
  - RCT-Folly (from `../node_modules/react-native/third-party-podspecs/RCT-Folly.podspec`)
  - RCT-Folly/Fabric (from `../node_modules/react-native/third-party-podspecs/RCT-Folly.podspec`)
  - RCTRequired (from `../node_modules/react-native/Libraries/RCTRequired`)
  - RCTTypeSafety (from `../node_modules/react-native/Libraries/TypeSafety`)
  - React (from `../node_modules/react-native/`)
  - React-callinvoker (from `../node_modules/react-native/ReactCommon/callinvoker`)
  - React-Codegen (from `build/generated/ios`)
  - React-Core (from `../node_modules/react-native/`)
  - React-Core/RCTWebSocket (from `../node_modules/react-native/`)
  - React-CoreModules (from `../node_modules/react-native/React/CoreModules`)
  - React-cxxreact (from `../node_modules/react-native/ReactCommon/cxxreact`)
  - React-debug (from `../node_modules/react-native/ReactCommon/react/debug`)
  - React-Fabric (from `../node_modules/react-native/ReactCommon`)
  - React-FabricImage (from `../node_modules/react-native/ReactCommon`)
  - React-graphics (from `../node_modules/react-native/ReactCommon/react/renderer/graphics`)
  - React-ImageManager (from `../node_modules/react-native/ReactCommon/react/renderer/imagemanager/platform/ios`)
  - React-jsc (from `../node_modules/react-native/ReactCommon/jsc`)
  - React-jserrorhandler (from `../node_modules/react-native/ReactCommon/jserrorhandler`)
  - React-jsi (from `../node_modules/react-native/ReactCommon/jsi`)
  - React-jsiexecutor (from `../node_modules/react-native/ReactCommon/jsiexecutor`)
  - React-jsinspector (from `../node_modules/react-native/ReactCommon/jsinspector-modern`)
  - React-logger (from `../node_modules/react-native/ReactCommon/logger`)
  - React-Mapbuffer (from `../node_modules/react-native/ReactCommon`)
  - react-native-background-timer (from `../node_modules/react-native-background-timer`)
  - react-native-blob-util (from `../node_modules/react-native-blob-util`)
  - react-native-document-picker (from `../node_modules/react-native-document-picker`)
  - react-native-image-picker (from `../node_modules/react-native-image-picker`)
  - react-native-image-resizer (from `../node_modules/react-native-image-resizer`)
  - "react-native-netinfo (from `../node_modules/@react-native-community/netinfo`)"
  - react-native-render-html (from `../node_modules/react-native-render-html`)
  - react-native-safe-area-context (from `../node_modules/react-native-safe-area-context`)
  - react-native-splash-screen (from `../node_modules/react-native-splash-screen`)
  - react-native-tracking-transparency (from `../node_modules/react-native-tracking-transparency`)
  - react-native-webview (from `../node_modules/react-native-webview`)
  - React-nativeconfig (from `../node_modules/react-native/ReactCommon`)
  - React-NativeModulesApple (from `../node_modules/react-native/ReactCommon/react/nativemodule/core/platform/ios`)
  - React-perflogger (from `../node_modules/react-native/ReactCommon/reactperflogger`)
  - React-RCTActionSheet (from `../node_modules/react-native/Libraries/ActionSheetIOS`)
  - React-RCTAnimation (from `../node_modules/react-native/Libraries/NativeAnimation`)
  - React-RCTAppDelegate (from `../node_modules/react-native/Libraries/AppDelegate`)
  - React-RCTBlob (from `../node_modules/react-native/Libraries/Blob`)
  - React-RCTFabric (from `../node_modules/react-native/React`)
  - React-RCTImage (from `../node_modules/react-native/Libraries/Image`)
  - React-RCTLinking (from `../node_modules/react-native/Libraries/LinkingIOS`)
  - React-RCTNetwork (from `../node_modules/react-native/Libraries/Network`)
  - React-RCTSettings (from `../node_modules/react-native/Libraries/Settings`)
  - React-RCTText (from `../node_modules/react-native/Libraries/Text`)
  - React-RCTVibration (from `../node_modules/react-native/Libraries/Vibration`)
  - React-rendererdebug (from `../node_modules/react-native/ReactCommon/react/renderer/debug`)
  - React-rncore (from `../node_modules/react-native/ReactCommon`)
  - React-runtimeexecutor (from `../node_modules/react-native/ReactCommon/runtimeexecutor`)
  - React-runtimescheduler (from `../node_modules/react-native/ReactCommon/react/renderer/runtimescheduler`)
  - React-utils (from `../node_modules/react-native/ReactCommon/react/utils`)
  - ReactCommon/turbomodule/core (from `../node_modules/react-native/ReactCommon`)
  - ReactNativeGetLocation (from `../node_modules/react-native-get-location`)
  - "RNCAsyncStorage (from `../node_modules/@react-native-community/async-storage`)"
  - "RNCCheckbox (from `../node_modules/@react-native-community/checkbox`)"
  - RNDeviceInfo (from `../node_modules/react-native-device-info`)
  - RNFS (from `../node_modules/react-native-fs`)
  - RNGestureHandler (from `../node_modules/react-native-gesture-handler`)
  - RNImageMarker (from `../node_modules/react-native-image-marker`)
  - RNPermissions (from `../node_modules/react-native-permissions`)
  - RNScreens (from `../node_modules/react-native-screens`)
  - RNSensors (from `../node_modules/react-native-sensors`)
  - "RNSentry (from `../node_modules/@sentry/react-native`)"
  - RNShare (from `../node_modules/react-native-share`)
  - RNSVG (from `../node_modules/react-native-svg`)
  - RNVectorIcons (from `../node_modules/react-native-vector-icons`)
  - VisionCamera (from `../node_modules/react-native-vision-camera`)
  - Yoga (from `../node_modules/react-native/ReactCommon/yoga`)

SPEC REPOS:
  trunk:
    - BEMCheckBox
    - fmt
    - lottie-ios
    - Sentry
    - SocketRocket

EXTERNAL SOURCES:
  boost:
    :podspec: "../node_modules/react-native/third-party-podspecs/boost.podspec"
  DoubleConversion:
    :podspec: "../node_modules/react-native/third-party-podspecs/DoubleConversion.podspec"
  FBLazyVector:
    :path: "../node_modules/react-native/Libraries/FBLazyVector"
  FBReactNativeSpec:
    :path: "../node_modules/react-native/React/FBReactNativeSpec"
  glog:
    :podspec: "../node_modules/react-native/third-party-podspecs/glog.podspec"
  lottie-react-native:
    :path: "../node_modules/lottie-react-native"
  Permission-Camera:
    :path: "../node_modules/react-native-permissions/ios/Camera"
  Permission-LocationAccuracy:
    :path: "../node_modules/react-native-permissions/ios/LocationAccuracy"
  Permission-LocationAlways:
    :path: "../node_modules/react-native-permissions/ios/LocationAlways"
  Permission-LocationWhenInUse:
    :path: "../node_modules/react-native-permissions/ios/LocationWhenInUse"
  Permission-PhotoLibrary:
    :path: "../node_modules/react-native-permissions/ios/PhotoLibrary"
  RCT-Folly:
    :podspec: "../node_modules/react-native/third-party-podspecs/RCT-Folly.podspec"
  RCTRequired:
    :path: "../node_modules/react-native/Libraries/RCTRequired"
  RCTTypeSafety:
    :path: "../node_modules/react-native/Libraries/TypeSafety"
  React:
    :path: "../node_modules/react-native/"
  React-callinvoker:
    :path: "../node_modules/react-native/ReactCommon/callinvoker"
  React-Codegen:
    :path: build/generated/ios
  React-Core:
    :path: "../node_modules/react-native/"
  React-CoreModules:
    :path: "../node_modules/react-native/React/CoreModules"
  React-cxxreact:
    :path: "../node_modules/react-native/ReactCommon/cxxreact"
  React-debug:
    :path: "../node_modules/react-native/ReactCommon/react/debug"
  React-Fabric:
    :path: "../node_modules/react-native/ReactCommon"
  React-FabricImage:
    :path: "../node_modules/react-native/ReactCommon"
  React-graphics:
    :path: "../node_modules/react-native/ReactCommon/react/renderer/graphics"
  React-ImageManager:
    :path: "../node_modules/react-native/ReactCommon/react/renderer/imagemanager/platform/ios"
  React-jsc:
    :path: "../node_modules/react-native/ReactCommon/jsc"
  React-jserrorhandler:
    :path: "../node_modules/react-native/ReactCommon/jserrorhandler"
  React-jsi:
    :path: "../node_modules/react-native/ReactCommon/jsi"
  React-jsiexecutor:
    :path: "../node_modules/react-native/ReactCommon/jsiexecutor"
  React-jsinspector:
    :path: "../node_modules/react-native/ReactCommon/jsinspector-modern"
  React-logger:
    :path: "../node_modules/react-native/ReactCommon/logger"
  React-Mapbuffer:
    :path: "../node_modules/react-native/ReactCommon"
  react-native-background-timer:
    :path: "../node_modules/react-native-background-timer"
  react-native-blob-util:
    :path: "../node_modules/react-native-blob-util"
  react-native-document-picker:
    :path: "../node_modules/react-native-document-picker"
  react-native-image-picker:
    :path: "../node_modules/react-native-image-picker"
  react-native-image-resizer:
    :path: "../node_modules/react-native-image-resizer"
  react-native-netinfo:
    :path: "../node_modules/@react-native-community/netinfo"
  react-native-render-html:
    :path: "../node_modules/react-native-render-html"
  react-native-safe-area-context:
    :path: "../node_modules/react-native-safe-area-context"
  react-native-splash-screen:
    :path: "../node_modules/react-native-splash-screen"
  react-native-tracking-transparency:
    :path: "../node_modules/react-native-tracking-transparency"
  react-native-webview:
    :path: "../node_modules/react-native-webview"
  React-nativeconfig:
    :path: "../node_modules/react-native/ReactCommon"
  React-NativeModulesApple:
    :path: "../node_modules/react-native/ReactCommon/react/nativemodule/core/platform/ios"
  React-perflogger:
    :path: "../node_modules/react-native/ReactCommon/reactperflogger"
  React-RCTActionSheet:
    :path: "../node_modules/react-native/Libraries/ActionSheetIOS"
  React-RCTAnimation:
    :path: "../node_modules/react-native/Libraries/NativeAnimation"
  React-RCTAppDelegate:
    :path: "../node_modules/react-native/Libraries/AppDelegate"
  React-RCTBlob:
    :path: "../node_modules/react-native/Libraries/Blob"
  React-RCTFabric:
    :path: "../node_modules/react-native/React"
  React-RCTImage:
    :path: "../node_modules/react-native/Libraries/Image"
  React-RCTLinking:
    :path: "../node_modules/react-native/Libraries/LinkingIOS"
  React-RCTNetwork:
    :path: "../node_modules/react-native/Libraries/Network"
  React-RCTSettings:
    :path: "../node_modules/react-native/Libraries/Settings"
  React-RCTText:
    :path: "../node_modules/react-native/Libraries/Text"
  React-RCTVibration:
    :path: "../node_modules/react-native/Libraries/Vibration"
  React-rendererdebug:
    :path: "../node_modules/react-native/ReactCommon/react/renderer/debug"
  React-rncore:
    :path: "../node_modules/react-native/ReactCommon"
  React-runtimeexecutor:
    :path: "../node_modules/react-native/ReactCommon/runtimeexecutor"
  React-runtimescheduler:
    :path: "../node_modules/react-native/ReactCommon/react/renderer/runtimescheduler"
  React-utils:
    :path: "../node_modules/react-native/ReactCommon/react/utils"
  ReactCommon:
    :path: "../node_modules/react-native/ReactCommon"
  ReactNativeGetLocation:
    :path: "../node_modules/react-native-get-location"
  RNCAsyncStorage:
    :path: "../node_modules/@react-native-community/async-storage"
  RNCCheckbox:
    :path: "../node_modules/@react-native-community/checkbox"
  RNDeviceInfo:
    :path: "../node_modules/react-native-device-info"
  RNFS:
    :path: "../node_modules/react-native-fs"
  RNGestureHandler:
    :path: "../node_modules/react-native-gesture-handler"
  RNImageMarker:
    :path: "../node_modules/react-native-image-marker"
  RNPermissions:
    :path: "../node_modules/react-native-permissions"
  RNScreens:
    :path: "../node_modules/react-native-screens"
  RNSensors:
    :path: "../node_modules/react-native-sensors"
  RNSentry:
    :path: "../node_modules/@sentry/react-native"
  RNShare:
    :path: "../node_modules/react-native-share"
  RNSVG:
    :path: "../node_modules/react-native-svg"
  RNVectorIcons:
    :path: "../node_modules/react-native-vector-icons"
  VisionCamera:
    :path: "../node_modules/react-native-vision-camera"
  Yoga:
    :path: "../node_modules/react-native/ReactCommon/yoga"

SPEC CHECKSUMS:
  BEMCheckBox: 5ba6e37ade3d3657b36caecc35c8b75c6c2b1a4e
  boost: d3f49c53809116a5d38da093a8aa78bf551aed09
  DoubleConversion: fea03f2699887d960129cc54bba7e52542b6f953
  FBLazyVector: b46891061bfe0a9b07f601813114c8653a72a45c
  FBReactNativeSpec: 9a01850c21d81027fa7b20b9dcc25d9bfae083da
  fmt: ff9d55029c625d3757ed641535fd4a75fedc7ce9
  glog: c5d68082e772fa1c511173d6b30a9de2c05a69a2
  lottie-ios: 8f97d3271e155c2d688875c29cd3c74908aef5f8
  lottie-react-native: 8f9d4be452e23f6e5ca0fdc11669dc99ab52be81
  Permission-Camera: 9b70902f34a83c10e198d2d01f0e453e58842776
  Permission-LocationAccuracy: dc0b0989dd004f183a32ad5f99802d9e09b0571a
  Permission-LocationAlways: 0a0de4637662cfdf3603d6933779da2bdd657306
  Permission-LocationWhenInUse: 31f52ebddef50c306a585b5a82ca16c8ff582dec
  Permission-PhotoLibrary: 03c52ed95dadfb0f2ba4c7663786cce0c4e0c978
  RCT-Folly: 7169b2b1c44399c76a47b5deaaba715eeeb476c0
  RCTRequired: 415e56f7c33799a6483e41e4dce607f3daf1e69b
  RCTTypeSafety: e984a88e713281c2d8c2309a1a6d2775af0107ae
  React: ab885684e73c5f659bad63446a977312fd3d1ecb
  React-callinvoker: 50a2d1ce3594637c700401ba306373321231eb71
  React-Codegen: 3e6b5f15cd0a7e7ab333c5abf41592f8f3f92a80
  React-Core: 0be57c5be52a0bb4e3dcedfd5bb78a37d93ae330
  React-CoreModules: e93a24aaae933d496329112cec78b681c76cdc53
  React-cxxreact: 270d1aa6f5b2c1d294de5881ca37179067deaa57
  React-debug: cbc88cbcffdca42184a32d073ceb7d9b11122b8d
  React-Fabric: f7d82a492de0fde9470004e8c40b136f21425891
  React-FabricImage: 53ed15a9ac030945b8d0e2c9b3256e16bc663ac8
  React-graphics: eb385065f994ca67550ae69df58dcbc27fdf1b07
  React-ImageManager: 99ffa733ce3406463da89bf74fd55a12c5aeb053
  React-jsc: 0088d65e2a7bff35c8bee21f3a8b12600ecb2598
  React-jserrorhandler: 5a90e88499755b6cfe263c01c208ac3782f535ad
  React-jsi: 4f79a16180f728cc4ca78d44c349f57a2085b2b1
  React-jsiexecutor: 8bbde27e15c04e46b5f7daa89ff5a90cca65597e
  React-jsinspector: a98428936fb888cc15d857226a26d9ac0a668a0e
  React-logger: 6c1170f7bc315878ef4bd3b918e09130cf632798
  React-Mapbuffer: 41c166b84fc479afc78097cd51404109ec9edf68
  react-native-background-timer: 17ea5e06803401a379ebf1f20505b793ac44d0fe
  react-native-blob-util: 39a20f2ef11556d958dc4beb0aa07d1ef2690745
  react-native-document-picker: cd4d6b36a5207ad7a9e599ebb9eb0c2e84fa0b87
  react-native-image-picker: 3269f75c251cdcd61ab51b911dd30d6fff8c6169
  react-native-image-resizer: d9fb629a867335bdc13230ac2a58702bb8c8828f
  react-native-netinfo: c023b7c36ff34e3b607d1446002b5b39089a860b
  react-native-render-html: 984dfe2294163d04bf5fe25d7c9f122e60e05ebe
  react-native-safe-area-context: 9e40fb181dac02619414ba1294d6c2a807056ab9
  react-native-splash-screen: 4312f786b13a81b5169ef346d76d33bc0c6dc457
  react-native-tracking-transparency: 25ff1ff866e338c137c818bdec20526bb05ffcc1
  react-native-webview: ed1c2de955a0c357a0107c54d21eb6d666145e6f
  React-nativeconfig: 8fd29a35a3e4e8c37682d976667663d834ba6165
  React-NativeModulesApple: 00a5007b13b1f56d296b723900408b98134b155e
  React-perflogger: 3887a05940ccd34a83457fd153fdeda509b31737
  React-RCTActionSheet: 2f42b4797374b53e93b65c79eaa8a0d292e255ac
  React-RCTAnimation: 8d855a38975b065bab2528ccf158734044bcec59
  React-RCTAppDelegate: 038385130ab460fdd1635231085578e37e9f49ec
  React-RCTBlob: 855412003fc59718d4556dbaab81e2a7e2bf6291
  React-RCTFabric: 88440a205ac60ce935fe6d005a97274cd0c8a049
  React-RCTImage: 187d39d7f82dbddaee1c00fe5beb3fb4cd16eee2
  React-RCTLinking: 22568a7c6d2ee51ef4d5c36e9e4d9720f74e9aed
  React-RCTNetwork: 6453b643f665273e31fdfe21cfa5a32666d61685
  React-RCTSettings: 237e7aa727543b5df2e0eecbfc49fc1bf21482b5
  React-RCTText: 9a775859da5b6a1a2e4bebcd358909a77072f7c8
  React-RCTVibration: 0167279571af233088b53ca3c67606b2a355a0f2
  React-rendererdebug: 4023a996275f40116d7c88ae5be0b5882ca3eeb7
  React-rncore: 0dd62c0c8f8215747a9b49035410fde76a18876e
  React-runtimeexecutor: 2fd27b921f664e66d903ee274dcda55cc0b2cb2e
  React-runtimescheduler: 1b5ec0866177ac96533138d48f0d1f63617af131
  React-utils: eaaed6083fccd050a594baf1d72db5f949a3b9bb
  ReactCommon: 2ac9ca8094ebce1227cde40b4d8cac9234bed855
  ReactNativeGetLocation: d6b15cb2a2023ab7703f756501bad86d3ecf6fea
  RNCAsyncStorage: b03032fdbdb725bea0bd9e5ec5a7272865ae7398
  RNCCheckbox: 471ebdc33884c084f362615c1ef3507496cc07f1
  RNDeviceInfo: 59344c19152c4b2b32283005f9737c5c64b42fba
  RNFS: 4ac0f0ea233904cb798630b3c077808c06931688
  RNGestureHandler: 158386e29f0d868733754a06581a4f9c2107da1a
  RNImageMarker: 76cd113306bcfad2f74f78d83d5accfd50b4434a
  RNPermissions: 4e3714e18afe7141d000beae3755e5b5fb2f5e05
  RNScreens: 0df9081bbc17690268fdeeb62017f48b4a8479f5
  RNSensors: 117ba71c7eeeea0407ea0c0bb79e3495d602049b
  RNSentry: 3b936eb8afd890ff8a670ac2726a5e9d5d7b12df
  RNShare: d82e10f6b7677f4b0048c23709bd04098d5aee6c
  RNSVG: d7d7bc8229af3842c9cfc3a723c815a52cdd1105
  RNVectorIcons: fcc2f6cb32f5735b586e66d14103a74ce6ad61f8
  Sentry: 2cbbe3592f30050c60e916c63c7f5a2fa584005e
  SocketRocket: f32cd54efbe0f095c4d7594881e52619cfe80b17
  VisionCamera: 36c460338692788a0d377dce7d32f8ba049fb4f2
  Yoga: 1f93d5925ea12fb0880b21efe3566677337cf2ed

PODFILE CHECKSUM: 8a48d678b3eb7e7952b99ec0ecc698c28f373266

COCOAPODS: 1.16.2
